{
    __meta__ = {
        version = "1.0"
    },
    ["linux|x86_64"] = {
        ["bluez#31fecfc4"] = {
            repo = {
                branch = "master",
                commit = "a5e98dbb129971e21eef7e451846026690367c10",
                url = "https://gitlab.com/tboox/xmake-repo.git"
            },
            version = "5.70"
        },
        ["botan#3af84bf5"] = {
            repo = {
                branch = "master",
                commit = "99082b66e5e67126bf0e24704d1f212ce106d071",
                url = "https://gitlab.com/tboox/xmake-repo.git"
            },
            version = "3.5.0"
        },
        ["ca-certificates#31fecfc4"] = {
            repo = {
                branch = "master",
                commit = "a5e98dbb129971e21eef7e451846026690367c10",
                url = "https://gitlab.com/tboox/xmake-repo.git"
            },
            version = "20240207"
        },
        ["catch2#31fecfc4"] = {
            repo = {
                branch = "master",
                commit = "a5e98dbb129971e21eef7e451846026690367c10",
                url = "https://gitlab.com/tboox/xmake-repo.git"
            },
            version = "v3.6.0"
        },
        ["cmake#31fecfc4"] = {
            repo = {
                branch = "master",
                commit = "99082b66e5e67126bf0e24704d1f212ce106d071",
                url = "https://gitlab.com/tboox/xmake-repo.git"
            },
            version = "3.30.1"
        },
        ["dbus#34ed3177"] = {
            repo = {
                branch = "master",
                commit = "a5e98dbb129971e21eef7e451846026690367c10",
                url = "https://gitlab.com/tboox/xmake-repo.git"
            },
            version = "1.14.8"
        },
        ["expat#31fecfc4"] = {
            repo = {
                branch = "master",
                commit = "a5e98dbb129971e21eef7e451846026690367c10",
                url = "https://gitlab.com/tboox/xmake-repo.git"
            },
            version = "2.6.2"
        },
        ["freetype#31fecfc4"] = {
            repo = {
                branch = "master",
                commit = "a5e98dbb129971e21eef7e451846026690367c10",
                url = "https://gitlab.com/tboox/xmake-repo.git"
            },
            version = "2.13.1"
        },
        ["glfw#31fecfc4"] = {
            repo = {
                branch = "master",
                commit = "a5e98dbb129971e21eef7e451846026690367c10",
                url = "https://gitlab.com/tboox/xmake-repo.git"
            },
            version = "3.4"
        },
        ["imgui v1.91.0-docking#8ff1f880"] = {
            repo = {
                branch = "master",
                commit = "a5e98dbb129971e21eef7e451846026690367c10",
                url = "https://gitlab.com/tboox/xmake-repo.git"
            },
            version = "v1.91.0-docking"
        },
        ["imguitextselect#31fecfc4"] = {
            repo = {
                branch = "master",
                commit = "2428770f614701c48b6d77004931c9b6977e69d7",
                url = "https://gitlab.com/tboox/xmake-repo.git"
            },
            version = "1.1.2"
        },
        ["libffi#f26e00a1"] = {
            repo = {
                branch = "master",
                commit = "a5e98dbb129971e21eef7e451846026690367c10",
                url = "https://gitlab.com/tboox/xmake-repo.git"
            },
            version = "3.4.6"
        },
        ["libpthread-stubs#31fecfc4"] = {
            repo = {
                branch = "master",
                commit = "a5e98dbb129971e21eef7e451846026690367c10",
                url = "https://gitlab.com/tboox/xmake-repo.git"
            },
            version = "0.5"
        },
        ["liburing#31fecfc4"] = {
            repo = {
                branch = "master",
                commit = "a5e98dbb129971e21eef7e451846026690367c10",
                url = "https://gitlab.com/tboox/xmake-repo.git"
            },
            version = "2.6"
        },
        ["libx11#31fecfc4"] = {
            repo = {
                branch = "master",
                commit = "a5e98dbb129971e21eef7e451846026690367c10",
                url = "https://gitlab.com/tboox/xmake-repo.git"
            },
            version = "1.8.7"
        },
        ["libxau#31fecfc4"] = {
            repo = {
                branch = "master",
                commit = "a5e98dbb129971e21eef7e451846026690367c10",
                url = "https://gitlab.com/tboox/xmake-repo.git"
            },
            version = "1.0.11"
        },
        ["libxcb#31fecfc4"] = {
            repo = {
                branch = "master",
                commit = "99082b66e5e67126bf0e24704d1f212ce106d071",
                url = "https://gitlab.com/tboox/xmake-repo.git"
            },
            version = "1.15"
        },
        ["libxcursor#31fecfc4"] = {
            repo = {
                branch = "master",
                commit = "a5e98dbb129971e21eef7e451846026690367c10",
                url = "https://gitlab.com/tboox/xmake-repo.git"
            },
            version = "1.2.1"
        },
        ["libxdmcp#31fecfc4"] = {
            repo = {
                branch = "master",
                commit = "a5e98dbb129971e21eef7e451846026690367c10",
                url = "https://gitlab.com/tboox/xmake-repo.git"
            },
            version = "1.1.4"
        },
        ["libxext#31fecfc4"] = {
            repo = {
                branch = "master",
                commit = "a5e98dbb129971e21eef7e451846026690367c10",
                url = "https://gitlab.com/tboox/xmake-repo.git"
            },
            version = "1.3.6"
        },
        ["libxfixes#31fecfc4"] = {
            repo = {
                branch = "master",
                commit = "a5e98dbb129971e21eef7e451846026690367c10",
                url = "https://gitlab.com/tboox/xmake-repo.git"
            },
            version = "6.0.0"
        },
        ["libxi#31fecfc4"] = {
            repo = {
                branch = "master",
                commit = "a5e98dbb129971e21eef7e451846026690367c10",
                url = "https://gitlab.com/tboox/xmake-repo.git"
            },
            version = "1.8.1"
        },
        ["libxinerama#31fecfc4"] = {
            repo = {
                branch = "master",
                commit = "a5e98dbb129971e21eef7e451846026690367c10",
                url = "https://gitlab.com/tboox/xmake-repo.git"
            },
            version = "1.1.5"
        },
        ["libxrandr#31fecfc4"] = {
            repo = {
                branch = "master",
                commit = "a5e98dbb129971e21eef7e451846026690367c10",
                url = "https://gitlab.com/tboox/xmake-repo.git"
            },
            version = "1.5.4"
        },
        ["libxrender#31fecfc4"] = {
            repo = {
                branch = "master",
                commit = "a5e98dbb129971e21eef7e451846026690367c10",
                url = "https://gitlab.com/tboox/xmake-repo.git"
            },
            version = "0.9.11"
        },
        ["ninja#31fecfc4"] = {
            repo = {
                branch = "master",
                commit = "a5e98dbb129971e21eef7e451846026690367c10",
                url = "https://gitlab.com/tboox/xmake-repo.git"
            },
            version = "1.11.1"
        },
        ["noto-sans-mono#31fecfc4"] = {
            repo = {
                url = "./xmake"
            },
            version = "2.014"
        },
        ["opengl#31fecfc4"] = {
            repo = {
                branch = "master",
                commit = "99082b66e5e67126bf0e24704d1f212ce106d071",
                url = "https://gitlab.com/tboox/xmake-repo.git"
            },
            version = "1.2"
        },
        ["openssl >=1.1.1-a#31fecfc4"] = {
            repo = {
                branch = "master",
                commit = "99082b66e5e67126bf0e24704d1f212ce106d071",
                url = "https://gitlab.com/tboox/xmake-repo.git"
            },
            version = "3.0.13"
        },
        ["out_ptr#31fecfc4"] = {
            repo = {
                branch = "master",
                commit = "a5e98dbb129971e21eef7e451846026690367c10",
                url = "https://gitlab.com/tboox/xmake-repo.git"
            },
            version = "2022.10.07"
        },
        ["pkg-config#31fecfc4"] = {
            repo = {
                branch = "master",
                commit = "99082b66e5e67126bf0e24704d1f212ce106d071",
                url = "https://gitlab.com/tboox/xmake-repo.git"
            },
            version = "1.8.1"
        },
        ["python 3.x#31fecfc4"] = {
            repo = {
                branch = "master",
                commit = "a5e98dbb129971e21eef7e451846026690367c10",
                url = "https://gitlab.com/tboox/xmake-repo.git"
            },
            version = "3.12.3"
        },
        ["remix-icon#31fecfc4"] = {
            repo = {
                url = "./xmake"
            },
            version = "4.3.0"
        },
        ["utfcpp#31fecfc4"] = {
            repo = {
                branch = "master",
                commit = "a5e98dbb129971e21eef7e451846026690367c10",
                url = "https://gitlab.com/tboox/xmake-repo.git"
            },
            version = "v4.0.5"
        },
        ["util-macros#31fecfc4"] = {
            repo = {
                branch = "master",
                commit = "a5e98dbb129971e21eef7e451846026690367c10",
                url = "https://gitlab.com/tboox/xmake-repo.git"
            },
            version = "1.20.0"
        },
        ["xcb-proto#31fecfc4"] = {
            repo = {
                branch = "master",
                commit = "a5e98dbb129971e21eef7e451846026690367c10",
                url = "https://gitlab.com/tboox/xmake-repo.git"
            },
            version = "1.16.0"
        },
        ["xorgproto#31fecfc4"] = {
            repo = {
                branch = "master",
                commit = "a5e98dbb129971e21eef7e451846026690367c10",
                url = "https://gitlab.com/tboox/xmake-repo.git"
            },
            version = "2023.2"
        },
        ["xtrans#31fecfc4"] = {
            repo = {
                branch = "master",
                commit = "99082b66e5e67126bf0e24704d1f212ce106d071",
                url = "https://gitlab.com/tboox/xmake-repo.git"
            },
            version = "1.4.0"
        },
        ["zlib#31fecfc4"] = {
            repo = {
                branch = "master",
                commit = "a5e98dbb129971e21eef7e451846026690367c10",
                url = "https://gitlab.com/tboox/xmake-repo.git"
            },
            version = "v1.3.1"
        },
        ["zlib#f26e00a1"] = {
            repo = {
                branch = "master",
                commit = "a5e98dbb129971e21eef7e451846026690367c10",
                url = "https://gitlab.com/tboox/xmake-repo.git"
            },
            version = "v1.3.1"
        }
    },
    ["macosx|arm64"] = {
        ["botan#fae933ab"] = {
            repo = {
                branch = "master",
                commit = "2565721b35dce693aa479d50326dae9715faa578",
                url = "https://gitlab.com/tboox/xmake-repo.git"
            },
            version = "3.5.0"
        },
        ["ca-certificates#31fecfc4"] = {
            repo = {
                branch = "master",
                commit = "9403c451750e9be9c67241dbeae2855b8637d69c",
                url = "https://gitlab.com/tboox/xmake-repo.git"
            },
            version = "20240207"
        },
        ["catch2#31fecfc4"] = {
            repo = {
                branch = "master",
                commit = "9403c451750e9be9c67241dbeae2855b8637d69c",
                url = "https://gitlab.com/tboox/xmake-repo.git"
            },
            version = "v3.6.0"
        },
        ["cmake#31fecfc4"] = {
            repo = {
                branch = "master",
                commit = "2565721b35dce693aa479d50326dae9715faa578",
                url = "https://gitlab.com/tboox/xmake-repo.git"
            },
            version = "3.30.1"
        },
        ["freetype#31fecfc4"] = {
            repo = {
                branch = "master",
                commit = "9403c451750e9be9c67241dbeae2855b8637d69c",
                url = "https://gitlab.com/tboox/xmake-repo.git"
            },
            version = "2.13.1"
        },
        ["glfw#31fecfc4"] = {
            repo = {
                branch = "master",
                commit = "e113ecbc3790b15e331ed8b9961516a8a2d3069e",
                url = "https://gitlab.com/tboox/xmake-repo.git"
            },
            version = "3.4"
        },
        ["imgui v1.91.0-docking#8ff1f880"] = {
            repo = {
                branch = "master",
                commit = "d79da8c7fb34031a2ed570cc1e7803273ad7064f",
                url = "https://gitlab.com/tboox/xmake-repo.git"
            },
            version = "v1.91.0-docking"
        },
        ["imguitextselect#31fecfc4"] = {
            repo = {
                branch = "master",
                commit = "2428770f614701c48b6d77004931c9b6977e69d7",
                url = "https://gitlab.com/tboox/xmake-repo.git"
            },
            version = "1.1.2"
        },
        ["ninja#31fecfc4"] = {
            repo = {
                branch = "master",
                commit = "2565721b35dce693aa479d50326dae9715faa578",
                url = "https://gitlab.com/tboox/xmake-repo.git"
            },
            version = "1.11.1"
        },
        ["noto-sans-mono#31fecfc4"] = {
            repo = {
                url = "./xmake"
            },
            version = "2.014"
        },
        ["opengl#31fecfc4"] = {
            repo = {
                branch = "master",
                commit = "2565721b35dce693aa479d50326dae9715faa578",
                url = "https://gitlab.com/tboox/xmake-repo.git"
            },
            version = "latest"
        },
        ["openssl >=1.1.1-a#31fecfc4"] = {
            repo = {
                branch = "master",
                commit = "9403c451750e9be9c67241dbeae2855b8637d69c",
                url = "https://gitlab.com/tboox/xmake-repo.git"
            },
            version = "1.1.1-w"
        },
        ["out_ptr#31fecfc4"] = {
            repo = {
                branch = "master",
                commit = "52e84d5aa56cf9e3ce66f167fe82df586461c0a9",
                url = "https://gitlab.com/tboox/xmake-repo.git"
            },
            version = "2022.10.07"
        },
        ["python 3.x#31fecfc4"] = {
            repo = {
                branch = "master",
                commit = "2565721b35dce693aa479d50326dae9715faa578",
                url = "https://gitlab.com/tboox/xmake-repo.git"
            },
            version = "3.12.3"
        },
        ["remix-icon#31fecfc4"] = {
            repo = {
                url = "./xmake"
            },
            version = "4.3.0"
        },
        ["utfcpp#31fecfc4"] = {
            repo = {
                branch = "master",
                commit = "2565721b35dce693aa479d50326dae9715faa578",
                url = "https://gitlab.com/tboox/xmake-repo.git"
            },
            version = "v4.0.5"
        },
        ["zlib#31fecfc4"] = {
            repo = {
                branch = "master",
                commit = "2565721b35dce693aa479d50326dae9715faa578",
                url = "https://gitlab.com/tboox/xmake-repo.git"
            },
            version = "v1.3.1"
        }
    },
    ["windows|x64"] = {
        ["botan#d6ce37d7"] = {
            repo = {
                branch = "master",
                commit = "2565721b35dce693aa479d50326dae9715faa578",
                url = "https://gitlab.com/tboox/xmake-repo.git"
            },
            version = "3.5.0"
        },
        ["catch2#31fecfc4"] = {
            repo = {
                branch = "master",
                commit = "04a519877e06d6e829b2ec03b238f258688df10a",
                url = "https://gitlab.com/tboox/xmake-repo.git"
            },
            version = "v3.6.0"
        },
        ["cmake#31fecfc4"] = {
            repo = {
                branch = "master",
                commit = "2565721b35dce693aa479d50326dae9715faa578",
                url = "https://gitlab.com/tboox/xmake-repo.git"
            },
            version = "3.29.2"
        },
        ["freetype#31fecfc4"] = {
            repo = {
                branch = "master",
                commit = "52e84d5aa56cf9e3ce66f167fe82df586461c0a9",
                url = "https://gitlab.com/tboox/xmake-repo.git"
            },
            version = "2.13.1"
        },
        ["glfw#31fecfc4"] = {
            repo = {
                branch = "master",
                commit = "52e84d5aa56cf9e3ce66f167fe82df586461c0a9",
                url = "https://gitlab.com/tboox/xmake-repo.git"
            },
            version = "3.4"
        },
        ["imgui v1.91.0-docking#8ff1f880"] = {
            repo = {
                branch = "master",
                commit = "2565721b35dce693aa479d50326dae9715faa578",
                url = "https://gitlab.com/tboox/xmake-repo.git"
            },
            version = "v1.91.0-docking"
        },
        ["imguitextselect#31fecfc4"] = {
            repo = {
                branch = "master",
                commit = "33b79698a413f9875618c078e2e553bb2ef7cdc1",
                url = "https://gitlab.com/tboox/xmake-repo.git"
            },
            version = "1.1.2"
        },
        ["ninja#31fecfc4"] = {
            repo = {
                branch = "master",
                commit = "2565721b35dce693aa479d50326dae9715faa578",
                url = "https://gitlab.com/tboox/xmake-repo.git"
            },
            version = "1.11.1"
        },
        ["noto-sans-mono#31fecfc4"] = {
            repo = {
                url = "./xmake"
            },
            version = "2.014"
        },
        ["opengl#31fecfc4"] = {
            repo = {
                branch = "master",
                commit = "2565721b35dce693aa479d50326dae9715faa578",
                url = "https://gitlab.com/tboox/xmake-repo.git"
            },
            version = "latest"
        },
        ["out_ptr#31fecfc4"] = {
            repo = {
                branch = "master",
                commit = "bb88236cafae6245f0e6c39e44432f9f9174e818",
                url = "https://gitlab.com/tboox/xmake-repo.git"
            },
            version = "2022.10.07"
        },
        ["pkgconf#31fecfc4"] = {
            repo = {
                branch = "master",
                commit = "2565721b35dce693aa479d50326dae9715faa578",
                url = "https://gitlab.com/tboox/xmake-repo.git"
            },
            version = "2.0.3"
        },
        ["python 3.x#31fecfc4"] = {
            repo = {
                branch = "master",
                commit = "2565721b35dce693aa479d50326dae9715faa578",
                url = "https://gitlab.com/tboox/xmake-repo.git"
            },
            version = "3.12.3"
        },
        ["remix-icon#31fecfc4"] = {
            repo = {
                url = "./xmake"
            },
            version = "4.3.0"
        },
        ["utfcpp#31fecfc4"] = {
            repo = {
                branch = "master",
                commit = "52e84d5aa56cf9e3ce66f167fe82df586461c0a9",
                url = "https://gitlab.com/tboox/xmake-repo.git"
            },
            version = "v4.0.5"
        },
        ["zlib#31fecfc4"] = {
            repo = {
                branch = "master",
                commit = "52e84d5aa56cf9e3ce66f167fe82df586461c0a9",
                url = "https://gitlab.com/tboox/xmake-repo.git"
            },
            version = "v1.3.1"
        }
    }
}