<?xml version="1.0" encoding="utf-8"?>
<Project ToolsVersion="4.0" xmlns="http://schemas.microsoft.com/developer/msbuild/2003">
  <ItemGroup>
    <Filter Include="Resource Files">
      <UniqueIdentifier>{67DA6AB6-F800-4c08-8B7A-83BB121AAD01}</UniqueIdentifier>
      <Extensions>rc;ico;cur;bmp;dlg;rc2;rct;bin;rgs;gif;jpg;jpeg;jpe;resx;tiff;tif;png;wav</Extensions>
    </Filter>
    <Filter Include="Source Files">
      <UniqueIdentifier>{4FC737F1-C7A5-4376-A066-2A32D752A2FF}</UniqueIdentifier>
    </Filter>
    <Filter Include="Source Files\app">
      <UniqueIdentifier>{230bb392-8e01-4393-8e47-c27feec47651}</UniqueIdentifier>
    </Filter>
    <Filter Include="Source Files\gui">
      <UniqueIdentifier>{febac539-558f-442f-b0b3-402f1a56dda3}</UniqueIdentifier>
    </Filter>
    <Filter Include="Source Files\net">
      <UniqueIdentifier>{568f123b-3f42-4965-9dfa-f8c2aaea5f2d}</UniqueIdentifier>
    </Filter>
    <Filter Include="Source Files\util">
      <UniqueIdentifier>{a57a9b83-2d49-463e-aa5c-347bdf71b1d4}</UniqueIdentifier>
    </Filter>
    <Filter Include="Third Party Libraries">
      <UniqueIdentifier>{c296698b-9d14-42b0-9738-59b391fe46d3}</UniqueIdentifier>
    </Filter>
    <Filter Include="Third Party Libraries\{fmt} Header Files">
      <UniqueIdentifier>{5bdd3059-896c-4065-9022-4187b1084311}</UniqueIdentifier>
    </Filter>
    <Filter Include="Third Party Libraries\{fmt} Source Files">
      <UniqueIdentifier>{b8de8b1b-4a18-492d-b76f-4a0b56f46dca}</UniqueIdentifier>
    </Filter>
    <Filter Include="Third Party Libraries\Dear ImGui Header Files">
      <UniqueIdentifier>{8ae94db5-38a1-494c-9a47-0237400a83eb}</UniqueIdentifier>
    </Filter>
    <Filter Include="Third Party Libraries\Dear ImGui Source Files">
      <UniqueIdentifier>{04f00034-3be0-4664-8953-4db38c38817d}</UniqueIdentifier>
    </Filter>
    <Filter Include="Third Party Libraries\Glad Header Files">
      <UniqueIdentifier>{0a768da3-651f-413f-a335-b6a4eaa61f50}</UniqueIdentifier>
    </Filter>
    <Filter Include="Third Party Libraries\GLFW Header Files">
      <UniqueIdentifier>{782b64c2-d308-4491-ba34-4a8f79accc6d}</UniqueIdentifier>
    </Filter>
  </ItemGroup>
  <ItemGroup>
    <ClCompile Include="src\main.cpp">
      <Filter>Source Files</Filter>
    </ClCompile>
    <ClCompile Include="3rdparty\imgui\imgui.cpp">
      <Filter>Third Party Libraries\Dear ImGui Source Files</Filter>
    </ClCompile>
    <ClCompile Include="3rdparty\imgui\imgui_demo.cpp">
      <Filter>Third Party Libraries\Dear ImGui Source Files</Filter>
    </ClCompile>
    <ClCompile Include="3rdparty\imgui\imgui_draw.cpp">
      <Filter>Third Party Libraries\Dear ImGui Source Files</Filter>
    </ClCompile>
    <ClCompile Include="3rdparty\imgui\imgui_impl_glfw.cpp">
      <Filter>Third Party Libraries\Dear ImGui Source Files</Filter>
    </ClCompile>
    <ClCompile Include="3rdparty\imgui\imgui_impl_opengl3.cpp">
      <Filter>Third Party Libraries\Dear ImGui Source Files</Filter>
    </ClCompile>
    <ClCompile Include="3rdparty\imgui\imgui_tables.cpp">
      <Filter>Third Party Libraries\Dear ImGui Source Files</Filter>
    </ClCompile>
    <ClCompile Include="3rdparty\imgui\imgui_widgets.cpp">
      <Filter>Third Party Libraries\Dear ImGui Source Files</Filter>
    </ClCompile>
    <ClCompile Include="3rdparty\fmt\format.cc">
      <Filter>Third Party Libraries\{fmt} Source Files</Filter>
    </ClCompile>
    <ClCompile Include="3rdparty\fmt\os.cc">
      <Filter>Third Party Libraries\{fmt} Source Files</Filter>
    </ClCompile>
    <ClCompile Include="src\app\mainhandle.cpp">
      <Filter>Source Files\app</Filter>
    </ClCompile>
    <ClCompile Include="src\gui\connwindow.cpp">
      <Filter>Source Files\gui</Filter>
    </ClCompile>
    <ClCompile Include="src\gui\console.cpp">
      <Filter>Source Files\gui</Filter>
    </ClCompile>
    <ClCompile Include="src\net\btutils.cpp">
      <Filter>Source Files\net</Filter>
    </ClCompile>
    <ClCompile Include="src\net\errorlist.cpp">
      <Filter>Source Files\net</Filter>
    </ClCompile>
    <ClCompile Include="src\net\sockets.cpp">
      <Filter>Source Files\net</Filter>
    </ClCompile>
    <ClCompile Include="src\util\imguiext.cpp">
      <Filter>Source Files\util</Filter>
    </ClCompile>
    <ClCompile Include="src\util\winutf8.cpp">
      <Filter>Source Files\util</Filter>
    </ClCompile>
    <ClCompile Include="src\gui\connwindowlist.cpp">
      <Filter>Source Files\gui</Filter>
    </ClCompile>
  </ItemGroup>
  <ItemGroup>
    <ClInclude Include="3rdparty\glad\gl.h">
      <Filter>Third Party Libraries\Glad Header Files</Filter>
    </ClInclude>
    <ClInclude Include="3rdparty\GLFW\glfw3.h">
      <Filter>Third Party Libraries\GLFW Header Files</Filter>
    </ClInclude>
    <ClInclude Include="3rdparty\GLFW\glfw3native.h">
      <Filter>Third Party Libraries\GLFW Header Files</Filter>
    </ClInclude>
    <ClInclude Include="3rdparty\imgui\imconfig.h">
      <Filter>Third Party Libraries\Dear ImGui Header Files</Filter>
    </ClInclude>
    <ClInclude Include="3rdparty\imgui\imgui.h">
      <Filter>Third Party Libraries\Dear ImGui Header Files</Filter>
    </ClInclude>
    <ClInclude Include="3rdparty\imgui\imgui_impl_glfw.h">
      <Filter>Third Party Libraries\Dear ImGui Header Files</Filter>
    </ClInclude>
    <ClInclude Include="3rdparty\imgui\imgui_impl_opengl3.h">
      <Filter>Third Party Libraries\Dear ImGui Header Files</Filter>
    </ClInclude>
    <ClInclude Include="3rdparty\imgui\imgui_impl_opengl3_loader.h">
      <Filter>Third Party Libraries\Dear ImGui Header Files</Filter>
    </ClInclude>
    <ClInclude Include="3rdparty\imgui\imgui_internal.h">
      <Filter>Third Party Libraries\Dear ImGui Header Files</Filter>
    </ClInclude>
    <ClInclude Include="3rdparty\imgui\imstb_rectpack.h">
      <Filter>Third Party Libraries\Dear ImGui Header Files</Filter>
    </ClInclude>
    <ClInclude Include="3rdparty\imgui\imstb_textedit.h">
      <Filter>Third Party Libraries\Dear ImGui Header Files</Filter>
    </ClInclude>
    <ClInclude Include="3rdparty\imgui\imstb_truetype.h">
      <Filter>Third Party Libraries\Dear ImGui Header Files</Filter>
    </ClInclude>
    <ClInclude Include="3rdparty\fmt\chrono.h">
      <Filter>Third Party Libraries\{fmt} Header Files</Filter>
    </ClInclude>
    <ClInclude Include="3rdparty\fmt\core.h">
      <Filter>Third Party Libraries\{fmt} Header Files</Filter>
    </ClInclude>
    <ClInclude Include="3rdparty\fmt\format.h">
      <Filter>Third Party Libraries\{fmt} Header Files</Filter>
    </ClInclude>
    <ClInclude Include="3rdparty\fmt\format-inl.h">
      <Filter>Third Party Libraries\{fmt} Header Files</Filter>
    </ClInclude>
    <ClInclude Include="3rdparty\fmt\os.h">
      <Filter>Third Party Libraries\{fmt} Header Files</Filter>
    </ClInclude>
    <ClInclude Include="src\app\mainhandle.hpp">
      <Filter>Source Files\app</Filter>
    </ClInclude>
    <ClInclude Include="src\app\settings.hpp">
      <Filter>Source Files\app</Filter>
    </ClInclude>
    <ClInclude Include="src\gui\connwindow.hpp">
      <Filter>Source Files\gui</Filter>
    </ClInclude>
    <ClInclude Include="src\gui\console.hpp">
      <Filter>Source Files\gui</Filter>
    </ClInclude>
    <ClInclude Include="src\net\btutils.hpp">
      <Filter>Source Files\net</Filter>
    </ClInclude>
    <ClInclude Include="src\net\sockets.hpp">
      <Filter>Source Files\net</Filter>
    </ClInclude>
    <ClInclude Include="src\util\formatcompat.hpp">
      <Filter>Source Files\util</Filter>
    </ClInclude>
    <ClInclude Include="src\util\imguiext.hpp">
      <Filter>Source Files\util</Filter>
    </ClInclude>
    <ClInclude Include="src\util\asyncfunction.hpp">
      <Filter>Source Files\util</Filter>
    </ClInclude>
    <ClInclude Include="src\util\winutf8.hpp">
      <Filter>Source Files\util</Filter>
    </ClInclude>
    <ClInclude Include="src\gui\connwindowlist.hpp">
      <Filter>Source Files\gui</Filter>
    </ClInclude>
  </ItemGroup>
</Project>